// !$*UTF8*$!
{
	archiveVersion = 1;
	classes = {
	};
	objectVersion = 56;
	objects = {

/* Begin PBXBuildFile section */
		94D1F06529DF3976002E3B43 /* AppDelegate.swift in Sources */ = {isa = PBXBuildFile; fileRef = 94D1F06429DF3976002E3B43 /* AppDelegate.swift */; };
		94D1F06729DF3976002E3B43 /* SceneDelegate.swift in Sources */ = {isa = PBXBuildFile; fileRef = 94D1F06629DF3976002E3B43 /* SceneDelegate.swift */; };
		94D1F06E29DF3979002E3B43 /* Assets.xcassets in Resources */ = {isa = PBXBuildFile; fileRef = 94D1F06D29DF3979002E3B43 /* Assets.xcassets */; };
		94D1F07129DF3979002E3B43 /* LaunchScreen.storyboard in Resources */ = {isa = PBXBuildFile; fileRef = 94D1F06F29DF3979002E3B43 /* LaunchScreen.storyboard */; };
		94D1F08129DF6428002E3B43 /* RMTabBarController.swift in Sources */ = {isa = PBXBuildFile; fileRef = 94D1F08029DF6428002E3B43 /* RMTabBarController.swift */; };
		94D1F08329DF6488002E3B43 /* RMCharacterViewController.swift in Sources */ = {isa = PBXBuildFile; fileRef = 94D1F08229DF6488002E3B43 /* RMCharacterViewController.swift */; };
		94D1F08529DF649A002E3B43 /* RMLocationViewController.swift in Sources */ = {isa = PBXBuildFile; fileRef = 94D1F08429DF649A002E3B43 /* RMLocationViewController.swift */; };
		94D1F08729DF64AC002E3B43 /* RMEpisodeViewController.swift in Sources */ = {isa = PBXBuildFile; fileRef = 94D1F08629DF64AC002E3B43 /* RMEpisodeViewController.swift */; };
		94D1F08929DF64B9002E3B43 /* RMSettingsViewController.swift in Sources */ = {isa = PBXBuildFile; fileRef = 94D1F08829DF64B9002E3B43 /* RMSettingsViewController.swift */; };
		94D1F08B29DF64CD002E3B43 /* RMLocation.swift in Sources */ = {isa = PBXBuildFile; fileRef = 94D1F08A29DF64CD002E3B43 /* RMLocation.swift */; };
		94D1F08D29DF64DC002E3B43 /* RMCharacter.swift in Sources */ = {isa = PBXBuildFile; fileRef = 94D1F08C29DF64DC002E3B43 /* RMCharacter.swift */; };
		94D1F08F29DF64E7002E3B43 /* RMEpisode.swift in Sources */ = {isa = PBXBuildFile; fileRef = 94D1F08E29DF64E7002E3B43 /* RMEpisode.swift */; };
		94D1F09129DF6B3A002E3B43 /* RMService.swift in Sources */ = {isa = PBXBuildFile; fileRef = 94D1F09029DF6B3A002E3B43 /* RMService.swift */; };
		94D1F09329DF6B44002E3B43 /* RMRequest.swift in Sources */ = {isa = PBXBuildFile; fileRef = 94D1F09229DF6B44002E3B43 /* RMRequest.swift */; };
		94D1F09529DF6B58002E3B43 /* RMEndpoint.swift in Sources */ = {isa = PBXBuildFile; fileRef = 94D1F09429DF6B58002E3B43 /* RMEndpoint.swift */; };
		94D1F09729DF6F4A002E3B43 /* RMOrigin.swift in Sources */ = {isa = PBXBuildFile; fileRef = 94D1F09629DF6F4A002E3B43 /* RMOrigin.swift */; };
		94D1F09929DF6FAB002E3B43 /* RMSingleLocation.swift in Sources */ = {isa = PBXBuildFile; fileRef = 94D1F09829DF6FAB002E3B43 /* RMSingleLocation.swift */; };
		94D1F09B29DF70C7002E3B43 /* RMCharacterStatus.swift in Sources */ = {isa = PBXBuildFile; fileRef = 94D1F09A29DF70C7002E3B43 /* RMCharacterStatus.swift */; };
		94D1F09D29DF7101002E3B43 /* RMCharacterGender.swift in Sources */ = {isa = PBXBuildFile; fileRef = 94D1F09C29DF7101002E3B43 /* RMCharacterGender.swift */; };
		94D1F0A129DF82EA002E3B43 /* RMGetCharactersResponse.swift in Sources */ = {isa = PBXBuildFile; fileRef = 94D1F0A029DF82EA002E3B43 /* RMGetCharactersResponse.swift */; };
/* End PBXBuildFile section */

/* Begin PBXFileReference section */
		94D1F06129DF3976002E3B43 /* RickAndMorty.app */ = {isa = PBXFileReference; explicitFileType = wrapper.application; includeInIndex = 0; path = RickAndMorty.app; sourceTree = BUILT_PRODUCTS_DIR; };
		94D1F06429DF3976002E3B43 /* AppDelegate.swift */ = {isa = PBXFileReference; lastKnownFileType = sourcecode.swift; path = AppDelegate.swift; sourceTree = "<group>"; };
		94D1F06629DF3976002E3B43 /* SceneDelegate.swift */ = {isa = PBXFileReference; lastKnownFileType = sourcecode.swift; path = SceneDelegate.swift; sourceTree = "<group>"; };
		94D1F06D29DF3979002E3B43 /* Assets.xcassets */ = {isa = PBXFileReference; lastKnownFileType = folder.assetcatalog; path = Assets.xcassets; sourceTree = "<group>"; };
		94D1F07029DF3979002E3B43 /* Base */ = {isa = PBXFileReference; lastKnownFileType = file.storyboard; name = Base; path = Base.lproj/LaunchScreen.storyboard; sourceTree = "<group>"; };
		94D1F07229DF3979002E3B43 /* Info.plist */ = {isa = PBXFileReference; lastKnownFileType = text.plist.xml; path = Info.plist; sourceTree = "<group>"; };
		94D1F08029DF6428002E3B43 /* RMTabBarController.swift */ = {isa = PBXFileReference; lastKnownFileType = sourcecode.swift; path = RMTabBarController.swift; sourceTree = "<group>"; };
		94D1F08229DF6488002E3B43 /* RMCharacterViewController.swift */ = {isa = PBXFileReference; lastKnownFileType = sourcecode.swift; path = RMCharacterViewController.swift; sourceTree = "<group>"; };
		94D1F08429DF649A002E3B43 /* RMLocationViewController.swift */ = {isa = PBXFileReference; lastKnownFileType = sourcecode.swift; path = RMLocationViewController.swift; sourceTree = "<group>"; };
		94D1F08629DF64AC002E3B43 /* RMEpisodeViewController.swift */ = {isa = PBXFileReference; lastKnownFileType = sourcecode.swift; path = RMEpisodeViewController.swift; sourceTree = "<group>"; };
		94D1F08829DF64B9002E3B43 /* RMSettingsViewController.swift */ = {isa = PBXFileReference; lastKnownFileType = sourcecode.swift; path = RMSettingsViewController.swift; sourceTree = "<group>"; };
		94D1F08A29DF64CD002E3B43 /* RMLocation.swift */ = {isa = PBXFileReference; lastKnownFileType = sourcecode.swift; path = RMLocation.swift; sourceTree = "<group>"; };
		94D1F08C29DF64DC002E3B43 /* RMCharacter.swift */ = {isa = PBXFileReference; lastKnownFileType = sourcecode.swift; path = RMCharacter.swift; sourceTree = "<group>"; };
		94D1F08E29DF64E7002E3B43 /* RMEpisode.swift */ = {isa = PBXFileReference; lastKnownFileType = sourcecode.swift; path = RMEpisode.swift; sourceTree = "<group>"; };
		94D1F09029DF6B3A002E3B43 /* RMService.swift */ = {isa = PBXFileReference; lastKnownFileType = sourcecode.swift; path = RMService.swift; sourceTree = "<group>"; };
		94D1F09229DF6B44002E3B43 /* RMRequest.swift */ = {isa = PBXFileReference; lastKnownFileType = sourcecode.swift; path = RMRequest.swift; sourceTree = "<group>"; };
		94D1F09429DF6B58002E3B43 /* RMEndpoint.swift */ = {isa = PBXFileReference; lastKnownFileType = sourcecode.swift; path = RMEndpoint.swift; sourceTree = "<group>"; };
		94D1F09629DF6F4A002E3B43 /* RMOrigin.swift */ = {isa = PBXFileReference; lastKnownFileType = sourcecode.swift; path = RMOrigin.swift; sourceTree = "<group>"; };
		94D1F09829DF6FAB002E3B43 /* RMSingleLocation.swift */ = {isa = PBXFileReference; lastKnownFileType = sourcecode.swift; path = RMSingleLocation.swift; sourceTree = "<group>"; };
		94D1F09A29DF70C7002E3B43 /* RMCharacterStatus.swift */ = {isa = PBXFileReference; lastKnownFileType = sourcecode.swift; path = RMCharacterStatus.swift; sourceTree = "<group>"; };
		94D1F09C29DF7101002E3B43 /* RMCharacterGender.swift */ = {isa = PBXFileReference; lastKnownFileType = sourcecode.swift; path = RMCharacterGender.swift; sourceTree = "<group>"; };
		94D1F0A029DF82EA002E3B43 /* RMGetCharactersResponse.swift */ = {isa = PBXFileReference; lastKnownFileType = sourcecode.swift; path = RMGetCharactersResponse.swift; sourceTree = "<group>"; };
/* End PBXFileReference section */

/* Begin PBXFrameworksBuildPhase section */
		94D1F05E29DF3976002E3B43 /* Frameworks */ = {
			isa = PBXFrameworksBuildPhase;
			buildActionMask = 2147483647;
			files = (
			);
			runOnlyForDeploymentPostprocessing = 0;
		};
/* End PBXFrameworksBuildPhase section */

/* Begin PBXGroup section */
		94D1F05829DF3976002E3B43 = {
			isa = PBXGroup;
			children = (
				94D1F06329DF3976002E3B43 /* RickAndMorty */,
				94D1F06229DF3976002E3B43 /* Products */,
			);
			sourceTree = "<group>";
		};
		94D1F06229DF3976002E3B43 /* Products */ = {
			isa = PBXGroup;
			children = (
				94D1F06129DF3976002E3B43 /* RickAndMorty.app */,
			);
			name = Products;
			sourceTree = "<group>";
		};
		94D1F06329DF3976002E3B43 /* RickAndMorty */ = {
			isa = PBXGroup;
			children = (
				94D1F07829DF6376002E3B43 /* Resources */,
				94D1F07929DF6382002E3B43 /* Managers */,
				94D1F07A29DF638F002E3B43 /* APIClient */,
				94D1F07B29DF6399002E3B43 /* ViewModels */,
				94D1F07C29DF63A4002E3B43 /* Views */,
				94D1F07F29DF63D5002E3B43 /* Models */,
				94D1F07D29DF63AC002E3B43 /* Controllers */,
				94D1F07229DF3979002E3B43 /* Info.plist */,
			);
			path = RickAndMorty;
			sourceTree = "<group>";
		};
		94D1F07829DF6376002E3B43 /* Resources */ = {
			isa = PBXGroup;
			children = (
				94D1F06429DF3976002E3B43 /* AppDelegate.swift */,
				94D1F06629DF3976002E3B43 /* SceneDelegate.swift */,
				94D1F06D29DF3979002E3B43 /* Assets.xcassets */,
				94D1F06F29DF3979002E3B43 /* LaunchScreen.storyboard */,
			);
			path = Resources;
			sourceTree = "<group>";
		};
		94D1F07929DF6382002E3B43 /* Managers */ = {
			isa = PBXGroup;
			children = (
			);
			path = Managers;
			sourceTree = "<group>";
		};
		94D1F07A29DF638F002E3B43 /* APIClient */ = {
			isa = PBXGroup;
			children = (
				94D1F09029DF6B3A002E3B43 /* RMService.swift */,
				94D1F09229DF6B44002E3B43 /* RMRequest.swift */,
				94D1F09429DF6B58002E3B43 /* RMEndpoint.swift */,
			);
			path = APIClient;
			sourceTree = "<group>";
		};
		94D1F07B29DF6399002E3B43 /* ViewModels */ = {
			isa = PBXGroup;
			children = (
			);
			path = ViewModels;
			sourceTree = "<group>";
		};
		94D1F07C29DF63A4002E3B43 /* Views */ = {
			isa = PBXGroup;
			children = (
			);
			path = Views;
			sourceTree = "<group>";
		};
		94D1F07D29DF63AC002E3B43 /* Controllers */ = {
			isa = PBXGroup;
			children = (
				94D1F07E29DF63B7002E3B43 /* Core */,
			);
			path = Controllers;
			sourceTree = "<group>";
		};
		94D1F07E29DF63B7002E3B43 /* Core */ = {
			isa = PBXGroup;
			children = (
				94D1F08029DF6428002E3B43 /* RMTabBarController.swift */,
				94D1F08229DF6488002E3B43 /* RMCharacterViewController.swift */,
				94D1F08429DF649A002E3B43 /* RMLocationViewController.swift */,
				94D1F08629DF64AC002E3B43 /* RMEpisodeViewController.swift */,
				94D1F08829DF64B9002E3B43 /* RMSettingsViewController.swift */,
			);
			path = Core;
			sourceTree = "<group>";
		};
		94D1F07F29DF63D5002E3B43 /* Models */ = {
			isa = PBXGroup;
			children = (
				94D1F09F29DF82BC002E3B43 /* APIResponseTypes */,
				94D1F09E29DF82A4002E3B43 /* DataTypes */,
			);
			path = Models;
			sourceTree = "<group>";
		};
		94D1F09E29DF82A4002E3B43 /* DataTypes */ = {
			isa = PBXGroup;
			children = (
				94D1F08A29DF64CD002E3B43 /* RMLocation.swift */,
				94D1F08C29DF64DC002E3B43 /* RMCharacter.swift */,
				94D1F08E29DF64E7002E3B43 /* RMEpisode.swift */,
				94D1F09629DF6F4A002E3B43 /* RMOrigin.swift */,
				94D1F09829DF6FAB002E3B43 /* RMSingleLocation.swift */,
				94D1F09A29DF70C7002E3B43 /* RMCharacterStatus.swift */,
				94D1F09C29DF7101002E3B43 /* RMCharacterGender.swift */,
			);
			path = DataTypes;
			sourceTree = "<group>";
		};
		94D1F09F29DF82BC002E3B43 /* APIResponseTypes */ = {
			isa = PBXGroup;
			children = (
				94D1F0A029DF82EA002E3B43 /* RMGetCharactersResponse.swift */,
			);
			path = APIResponseTypes;
			sourceTree = "<group>";
		};
/* End PBXGroup section */

/* Begin PBXNativeTarget section */
		94D1F06029DF3976002E3B43 /* RickAndMorty */ = {
			isa = PBXNativeTarget;
			buildConfigurationList = 94D1F07529DF3979002E3B43 /* Build configuration list for PBXNativeTarget "RickAndMorty" */;
			buildPhases = (
				94D1F05D29DF3976002E3B43 /* Sources */,
				94D1F05E29DF3976002E3B43 /* Frameworks */,
				94D1F05F29DF3976002E3B43 /* Resources */,
			);
			buildRules = (
			);
			dependencies = (
			);
			name = RickAndMorty;
			productName = RickAndMorty;
			productReference = 94D1F06129DF3976002E3B43 /* RickAndMorty.app */;
			productType = "com.apple.product-type.application";
		};
/* End PBXNativeTarget section */

/* Begin PBXProject section */
		94D1F05929DF3976002E3B43 /* Project object */ = {
			isa = PBXProject;
			attributes = {
				BuildIndependentTargetsInParallel = 1;
				LastSwiftUpdateCheck = 1430;
				LastUpgradeCheck = 1430;
				TargetAttributes = {
					94D1F06029DF3976002E3B43 = {
						CreatedOnToolsVersion = 14.3;
					};
				};
			};
			buildConfigurationList = 94D1F05C29DF3976002E3B43 /* Build configuration list for PBXProject "RickAndMorty" */;
			compatibilityVersion = "Xcode 14.0";
			developmentRegion = en;
			hasScannedForEncodings = 0;
			knownRegions = (
				en,
				Base,
			);
			mainGroup = 94D1F05829DF3976002E3B43;
			productRefGroup = 94D1F06229DF3976002E3B43 /* Products */;
			projectDirPath = "";
			projectRoot = "";
			targets = (
				94D1F06029DF3976002E3B43 /* RickAndMorty */,
			);
		};
/* End PBXProject section */

/* Begin PBXResourcesBuildPhase section */
		94D1F05F29DF3976002E3B43 /* Resources */ = {
			isa = PBXResourcesBuildPhase;
			buildActionMask = 2147483647;
			files = (
				94D1F07129DF3979002E3B43 /* LaunchScreen.storyboard in Resources */,
				94D1F06E29DF3979002E3B43 /* Assets.xcassets in Resources */,
			);
			runOnlyForDeploymentPostprocessing = 0;
		};
/* End PBXResourcesBuildPhase section */

/* Begin PBXSourcesBuildPhase section */
		94D1F05D29DF3976002E3B43 /* Sources */ = {
			isa = PBXSourcesBuildPhase;
			buildActionMask = 2147483647;
			files = (
				94D1F0A129DF82EA002E3B43 /* RMGetCharactersResponse.swift in Sources */,
				94D1F09729DF6F4A002E3B43 /* RMOrigin.swift in Sources */,
				94D1F09929DF6FAB002E3B43 /* RMSingleLocation.swift in Sources */,
				94D1F09B29DF70C7002E3B43 /* RMCharacterStatus.swift in Sources */,
				94D1F09D29DF7101002E3B43 /* RMCharacterGender.swift in Sources */,
				94D1F08129DF6428002E3B43 /* RMTabBarController.swift in Sources */,
				94D1F08529DF649A002E3B43 /* RMLocationViewController.swift in Sources */,
				94D1F08F29DF64E7002E3B43 /* RMEpisode.swift in Sources */,
				94D1F08329DF6488002E3B43 /* RMCharacterViewController.swift in Sources */,
				94D1F08B29DF64CD002E3B43 /* RMLocation.swift in Sources */,
				94D1F08729DF64AC002E3B43 /* RMEpisodeViewController.swift in Sources */,
				94D1F06529DF3976002E3B43 /* AppDelegate.swift in Sources */,
				94D1F09129DF6B3A002E3B43 /* RMService.swift in Sources */,
				94D1F08D29DF64DC002E3B43 /* RMCharacter.swift in Sources */,
				94D1F09529DF6B58002E3B43 /* RMEndpoint.swift in Sources */,
				94D1F08929DF64B9002E3B43 /* RMSettingsViewController.swift in Sources */,
				94D1F09329DF6B44002E3B43 /* RMRequest.swift in Sources */,
				94D1F06729DF3976002E3B43 /* SceneDelegate.swift in Sources */,
			);
			runOnlyForDeploymentPostprocessing = 0;
		};
/* End PBXSourcesBuildPhase section */

/* Begin PBXVariantGroup section */
		94D1F06F29DF3979002E3B43 /* LaunchScreen.storyboard */ = {
			isa = PBXVariantGroup;
			children = (
				94D1F07029DF3979002E3B43 /* Base */,
			);
			name = LaunchScreen.storyboard;
			sourceTree = "<group>";
		};
/* End PBXVariantGroup section */

/* Begin XCBuildConfiguration section */
		94D1F07329DF3979002E3B43 /* Debug */ = {
			isa = XCBuildConfiguration;
			buildSettings = {
				ALWAYS_SEARCH_USER_PATHS = NO;
				CLANG_ANALYZER_NONNULL = YES;
				CLANG_ANALYZER_NUMBER_OBJECT_CONVERSION = YES_AGGRESSIVE;
				CLANG_CXX_LANGUAGE_STANDARD = "gnu++20";
				CLANG_ENABLE_MODULES = YES;
				CLANG_ENABLE_OBJC_ARC = YES;
				CLANG_ENABLE_OBJC_WEAK = YES;
				CLANG_WARN_BLOCK_CAPTURE_AUTORELEASING = YES;
				CLANG_WARN_BOOL_CONVERSION = YES;
				CLANG_WARN_COMMA = YES;
				CLANG_WARN_CONSTANT_CONVERSION = YES;
				CLANG_WARN_DEPRECATED_OBJC_IMPLEMENTATIONS = YES;
				CLANG_WARN_DIRECT_OBJC_ISA_USAGE = YES_ERROR;
				CLANG_WARN_DOCUMENTATION_COMMENTS = YES;
				CLANG_WARN_EMPTY_BODY = YES;
				CLANG_WARN_ENUM_CONVERSION = YES;
				CLANG_WARN_INFINITE_RECURSION = YES;
				CLANG_WARN_INT_CONVERSION = YES;
				CLANG_WARN_NON_LITERAL_NULL_CONVERSION = YES;
				CLANG_WARN_OBJC_IMPLICIT_RETAIN_SELF = YES;
				CLANG_WARN_OBJC_LITERAL_CONVERSION = YES;
				CLANG_WARN_OBJC_ROOT_CLASS = YES_ERROR;
				CLANG_WARN_QUOTED_INCLUDE_IN_FRAMEWORK_HEADER = YES;
				CLANG_WARN_RANGE_LOOP_ANALYSIS = YES;
				CLANG_WARN_STRICT_PROTOTYPES = YES;
				CLANG_WARN_SUSPICIOUS_MOVE = YES;
				CLANG_WARN_UNGUARDED_AVAILABILITY = YES_AGGRESSIVE;
				CLANG_WARN_UNREACHABLE_CODE = YES;
				CLANG_WARN__DUPLICATE_METHOD_MATCH = YES;
				COPY_PHASE_STRIP = NO;
				DEBUG_INFORMATION_FORMAT = dwarf;
				ENABLE_STRICT_OBJC_MSGSEND = YES;
				ENABLE_TESTABILITY = YES;
				GCC_C_LANGUAGE_STANDARD = gnu11;
				GCC_DYNAMIC_NO_PIC = NO;
				GCC_NO_COMMON_BLOCKS = YES;
				GCC_OPTIMIZATION_LEVEL = 0;
				GCC_PREPROCESSOR_DEFINITIONS = (
					"DEBUG=1",
					"$(inherited)",
				);
				GCC_WARN_64_TO_32_BIT_CONVERSION = YES;
				GCC_WARN_ABOUT_RETURN_TYPE = YES_ERROR;
				GCC_WARN_UNDECLARED_SELECTOR = YES;
				GCC_WARN_UNINITIALIZED_AUTOS = YES_AGGRESSIVE;
				GCC_WARN_UNUSED_FUNCTION = YES;
				GCC_WARN_UNUSED_VARIABLE = YES;
				IPHONEOS_DEPLOYMENT_TARGET = 16.0;
				MTL_ENABLE_DEBUG_INFO = INCLUDE_SOURCE;
				MTL_FAST_MATH = YES;
				ONLY_ACTIVE_ARCH = YES;
				SDKROOT = iphoneos;
				SWIFT_ACTIVE_COMPILATION_CONDITIONS = DEBUG;
				SWIFT_OPTIMIZATION_LEVEL = "-Onone";
			};
			name = Debug;
		};
		94D1F07429DF3979002E3B43 /* Release */ = {
			isa = XCBuildConfiguration;
			buildSettings = {
				ALWAYS_SEARCH_USER_PATHS = NO;
				CLANG_ANALYZER_NONNULL = YES;
				CLANG_ANALYZER_NUMBER_OBJECT_CONVERSION = YES_AGGRESSIVE;
				CLANG_CXX_LANGUAGE_STANDARD = "gnu++20";
				CLANG_ENABLE_MODULES = YES;
				CLANG_ENABLE_OBJC_ARC = YES;
				CLANG_ENABLE_OBJC_WEAK = YES;
				CLANG_WARN_BLOCK_CAPTURE_AUTORELEASING = YES;
				CLANG_WARN_BOOL_CONVERSION = YES;
				CLANG_WARN_COMMA = YES;
				CLANG_WARN_CONSTANT_CONVERSION = YES;
				CLANG_WARN_DEPRECATED_OBJC_IMPLEMENTATIONS = YES;
				CLANG_WARN_DIRECT_OBJC_ISA_USAGE = YES_ERROR;
				CLANG_WARN_DOCUMENTATION_COMMENTS = YES;
				CLANG_WARN_EMPTY_BODY = YES;
				CLANG_WARN_ENUM_CONVERSION = YES;
				CLANG_WARN_INFINITE_RECURSION = YES;
				CLANG_WARN_INT_CONVERSION = YES;
				CLANG_WARN_NON_LITERAL_NULL_CONVERSION = YES;
				CLANG_WARN_OBJC_IMPLICIT_RETAIN_SELF = YES;
				CLANG_WARN_OBJC_LITERAL_CONVERSION = YES;
				CLANG_WARN_OBJC_ROOT_CLASS = YES_ERROR;
				CLANG_WARN_QUOTED_INCLUDE_IN_FRAMEWORK_HEADER = YES;
				CLANG_WARN_RANGE_LOOP_ANALYSIS = YES;
				CLANG_WARN_STRICT_PROTOTYPES = YES;
				CLANG_WARN_SUSPICIOUS_MOVE = YES;
				CLANG_WARN_UNGUARDED_AVAILABILITY = YES_AGGRESSIVE;
				CLANG_WARN_UNREACHABLE_CODE = YES;
				CLANG_WARN__DUPLICATE_METHOD_MATCH = YES;
				COPY_PHASE_STRIP = NO;
				DEBUG_INFORMATION_FORMAT = "dwarf-with-dsym";
				ENABLE_NS_ASSERTIONS = NO;
				ENABLE_STRICT_OBJC_MSGSEND = YES;
				GCC_C_LANGUAGE_STANDARD = gnu11;
				GCC_NO_COMMON_BLOCKS = YES;
				GCC_WARN_64_TO_32_BIT_CONVERSION = YES;
				GCC_WARN_ABOUT_RETURN_TYPE = YES_ERROR;
				GCC_WARN_UNDECLARED_SELECTOR = YES;
				GCC_WARN_UNINITIALIZED_AUTOS = YES_AGGRESSIVE;
				GCC_WARN_UNUSED_FUNCTION = YES;
				GCC_WARN_UNUSED_VARIABLE = YES;
				IPHONEOS_DEPLOYMENT_TARGET = 16.0;
				MTL_ENABLE_DEBUG_INFO = NO;
				MTL_FAST_MATH = YES;
				SDKROOT = iphoneos;
				SWIFT_COMPILATION_MODE = wholemodule;
				SWIFT_OPTIMIZATION_LEVEL = "-O";
				VALIDATE_PRODUCT = YES;
			};
			name = Release;
		};
		94D1F07629DF3979002E3B43 /* Debug */ = {
			isa = XCBuildConfiguration;
			buildSettings = {
				ASSETCATALOG_COMPILER_APPICON_NAME = AppIcon;
				ASSETCATALOG_COMPILER_GLOBAL_ACCENT_COLOR_NAME = AccentColor;
				CODE_SIGN_STYLE = Automatic;
				CURRENT_PROJECT_VERSION = 1;
				DEVELOPMENT_TEAM = 5SQ9882RGS;
				GENERATE_INFOPLIST_FILE = YES;
				INFOPLIST_FILE = RickAndMorty/Info.plist;
				INFOPLIST_KEY_UIApplicationSupportsIndirectInputEvents = YES;
				INFOPLIST_KEY_UILaunchStoryboardName = LaunchScreen;
				INFOPLIST_KEY_UISupportedInterfaceOrientations_iPad = "UIInterfaceOrientationPortrait UIInterfaceOrientationPortraitUpsideDown UIInterfaceOrientationLandscapeLeft UIInterfaceOrientationLandscapeRight";
				INFOPLIST_KEY_UISupportedInterfaceOrientations_iPhone = "UIInterfaceOrientationPortrait UIInterfaceOrientationLandscapeLeft UIInterfaceOrientationLandscapeRight";
				LD_RUNPATH_SEARCH_PATHS = (
					"$(inherited)",
					"@executable_path/Frameworks",
				);
				MARKETING_VERSION = 1.0;
				PRODUCT_BUNDLE_IDENTIFIER = edu.self.RickAndMorty;
				PRODUCT_NAME = "$(TARGET_NAME)";
				SWIFT_EMIT_LOC_STRINGS = YES;
				SWIFT_VERSION = 5.0;
				TARGETED_DEVICE_FAMILY = "1,2";
			};
			name = Debug;
		};
		94D1F07729DF3979002E3B43 /* Release */ = {
			isa = XCBuildConfiguration;
			buildSettings = {
				ASSETCATALOG_COMPILER_APPICON_NAME = AppIcon;
				ASSETCATALOG_COMPILER_GLOBAL_ACCENT_COLOR_NAME = AccentColor;
				CODE_SIGN_STYLE = Automatic;
				CURRENT_PROJECT_VERSION = 1;
				DEVELOPMENT_TEAM = 5SQ9882RGS;
				GENERATE_INFOPLIST_FILE = YES;
				INFOPLIST_FILE = RickAndMorty/Info.plist;
				INFOPLIST_KEY_UIApplicationSupportsIndirectInputEvents = YES;
				INFOPLIST_KEY_UILaunchStoryboardName = LaunchScreen;
				INFOPLIST_KEY_UISupportedInterfaceOrientations_iPad = "UIInterfaceOrientationPortrait UIInterfaceOrientationPortraitUpsideDown UIInterfaceOrientationLandscapeLeft UIInterfaceOrientationLandscapeRight";
				INFOPLIST_KEY_UISupportedInterfaceOrientations_iPhone = "UIInterfaceOrientationPortrait UIInterfaceOrientationLandscapeLeft UIInterfaceOrientationLandscapeRight";
				LD_RUNPATH_SEARCH_PATHS = (
					"$(inherited)",
					"@executable_path/Frameworks",
				);
				MARKETING_VERSION = 1.0;
				PRODUCT_BUNDLE_IDENTIFIER = edu.self.RickAndMorty;
				PRODUCT_NAME = "$(TARGET_NAME)";
				SWIFT_EMIT_LOC_STRINGS = YES;
				SWIFT_VERSION = 5.0;
				TARGETED_DEVICE_FAMILY = "1,2";
			};
			name = Release;
		};
/* End XCBuildConfiguration section */

/* Begin XCConfigurationList section */
		94D1F05C29DF3976002E3B43 /* Build configuration list for PBXProject "RickAndMorty" */ = {
			isa = XCConfigurationList;
			buildConfigurations = (
				94D1F07329DF3979002E3B43 /* Debug */,
				94D1F07429DF3979002E3B43 /* Release */,
			);
			defaultConfigurationIsVisible = 0;
			defaultConfigurationName = Release;
		};
		94D1F07529DF3979002E3B43 /* Build configuration list for PBXNativeTarget "RickAndMorty" */ = {
			isa = XCConfigurationList;
			buildConfigurations = (
				94D1F07629DF3979002E3B43 /* Debug */,
				94D1F07729DF3979002E3B43 /* Release */,
			);
			defaultConfigurationIsVisible = 0;
			defaultConfigurationName = Release;
		};
/* End XCConfigurationList section */
	};
	rootObject = 94D1F05929DF3976002E3B43 /* Project object */;
}
