// !$*UTF8*$!
{
	archiveVersion = 1;
	classes = {
	};
	objectVersion = 56;
	objects = {

/* Begin PBXBuildFile section */
		943973B429E092B300684635 /* RMCharacterListViewViewModel.swift in Sources */ = {isa = PBXBuildFile; fileRef = 943973B329E092B300684635 /* RMCharacterListViewViewModel.swift */; };
		943973B629E093E900684635 /* RMCharacterListView.swift in Sources */ = {isa = PBXBuildFile; fileRef = 943973B529E093E900684635 /* RMCharacterListView.swift */; };
		943973B829E0A0B900684635 /* Extensions.swift in Sources */ = {isa = PBXBuildFile; fileRef = 943973B729E0A0B900684635 /* Extensions.swift */; };
		943973BA29E0A80800684635 /* RMCharacterCollectionViewCell.swift in Sources */ = {isa = PBXBuildFile; fileRef = 943973B929E0A80800684635 /* RMCharacterCollectionViewCell.swift */; };
		943973BC29E0A8DA00684635 /* RMCharacterCollectionViewCellViewModel.swift in Sources */ = {isa = PBXBuildFile; fileRef = 943973BB29E0A8DA00684635 /* RMCharacterCollectionViewCellViewModel.swift */; };
		943973BF29E0BECC00684635 /* RMCharacterDetailViewController.swift in Sources */ = {isa = PBXBuildFile; fileRef = 943973BE29E0BECC00684635 /* RMCharacterDetailViewController.swift */; };
		943973C129E0BF7500684635 /* RMCharacterDetailView.swift in Sources */ = {isa = PBXBuildFile; fileRef = 943973C029E0BF7500684635 /* RMCharacterDetailView.swift */; };
		943973C329E0BFA100684635 /* RMCharacterDetailViewViewModel.swift in Sources */ = {isa = PBXBuildFile; fileRef = 943973C229E0BFA100684635 /* RMCharacterDetailViewViewModel.swift */; };
		943973C529E0C2B000684635 /* RMFooterLoadingCollectionReusableView.swift in Sources */ = {isa = PBXBuildFile; fileRef = 943973C429E0C2B000684635 /* RMFooterLoadingCollectionReusableView.swift */; };
		943973C729E15C0C00684635 /* RMImageLoader.swift in Sources */ = {isa = PBXBuildFile; fileRef = 943973C629E15C0C00684635 /* RMImageLoader.swift */; };
		943973CB29E1791700684635 /* RMCharacterPhotoCollectionViewCell.swift in Sources */ = {isa = PBXBuildFile; fileRef = 943973CA29E1791700684635 /* RMCharacterPhotoCollectionViewCell.swift */; };
		943973CD29E1792300684635 /* RMCharacterInfoCollectionViewCell.swift in Sources */ = {isa = PBXBuildFile; fileRef = 943973CC29E1792300684635 /* RMCharacterInfoCollectionViewCell.swift */; };
		943973CF29E1793700684635 /* RMCharacterEpisodeCollectionViewCell.swift in Sources */ = {isa = PBXBuildFile; fileRef = 943973CE29E1793700684635 /* RMCharacterEpisodeCollectionViewCell.swift */; };
		943973D229E1799D00684635 /* RMCharacterPhotoCollectionViewCellViewModel.swift in Sources */ = {isa = PBXBuildFile; fileRef = 943973D129E1799D00684635 /* RMCharacterPhotoCollectionViewCellViewModel.swift */; };
		943973D429E179AD00684635 /* RMCharacterInfoCollectionViewCellViewModel.swift in Sources */ = {isa = PBXBuildFile; fileRef = 943973D329E179AD00684635 /* RMCharacterInfoCollectionViewCellViewModel.swift */; };
		943973D629E179BC00684635 /* RMCharacterEpisodeCollectionViewCellViewModel.swift in Sources */ = {isa = PBXBuildFile; fileRef = 943973D529E179BC00684635 /* RMCharacterEpisodeCollectionViewCellViewModel.swift */; };
		943973DA29E1BDB000684635 /* RMEpisodeDetailViewController.swift in Sources */ = {isa = PBXBuildFile; fileRef = 943973D929E1BDB000684635 /* RMEpisodeDetailViewController.swift */; };
		943973DC29E4601700684635 /* RMAPICacheManader.swift in Sources */ = {isa = PBXBuildFile; fileRef = 943973DB29E4601700684635 /* RMAPICacheManader.swift */; };
		943973DE29E4645600684635 /* RMEpisodeDetailViewViewModel.swift in Sources */ = {isa = PBXBuildFile; fileRef = 943973DD29E4645600684635 /* RMEpisodeDetailViewViewModel.swift */; };
		943973E029E464B900684635 /* RMEpisodeDetailView.swift in Sources */ = {isa = PBXBuildFile; fileRef = 943973DF29E464B900684635 /* RMEpisodeDetailView.swift */; };
		943973E329E473DC00684635 /* RMEpisodeListView.swift in Sources */ = {isa = PBXBuildFile; fileRef = 943973E229E473DC00684635 /* RMEpisodeListView.swift */; };
		943973E529E475DD00684635 /* RMEpisodeListViewViewModel.swift in Sources */ = {isa = PBXBuildFile; fileRef = 943973E429E475DD00684635 /* RMEpisodeListViewViewModel.swift */; };
		943973E729E477F000684635 /* RMGetAllEpisodesResponse.swift in Sources */ = {isa = PBXBuildFile; fileRef = 943973E629E477F000684635 /* RMGetAllEpisodesResponse.swift */; };
		943973E929E49D1E00684635 /* RMSearchViewController.swift in Sources */ = {isa = PBXBuildFile; fileRef = 943973E829E49D1E00684635 /* RMSearchViewController.swift */; };
		943973EC29E5AD0000684635 /* RMEpisodeInfoCollectionViewCell.swift in Sources */ = {isa = PBXBuildFile; fileRef = 943973EB29E5AD0000684635 /* RMEpisodeInfoCollectionViewCell.swift */; };
		943973EF29E5AD7B00684635 /* RMEpisodeInfoCollectionViewCellViewModel.swift in Sources */ = {isa = PBXBuildFile; fileRef = 943973EE29E5AD7B00684635 /* RMEpisodeInfoCollectionViewCellViewModel.swift */; };
		943973F229E6EB2E00684635 /* RMSettingsViewViewModel.swift in Sources */ = {isa = PBXBuildFile; fileRef = 943973F129E6EB2E00684635 /* RMSettingsViewViewModel.swift */; };
		943973F429E6EB7100684635 /* RMSettingsCellViewModel.swift in Sources */ = {isa = PBXBuildFile; fileRef = 943973F329E6EB7100684635 /* RMSettingsCellViewModel.swift */; };
		943973F629E6EBF900684635 /* RMSettingsOption.swift in Sources */ = {isa = PBXBuildFile; fileRef = 943973F529E6EBF900684635 /* RMSettingsOption.swift */; };
		943973F929E6F05900684635 /* RMSettingsView.swift in Sources */ = {isa = PBXBuildFile; fileRef = 943973F829E6F05900684635 /* RMSettingsView.swift */; };
		943973FC29E730B000684635 /* RMLocationView.swift in Sources */ = {isa = PBXBuildFile; fileRef = 943973FB29E730B000684635 /* RMLocationView.swift */; };
		943973FE29E7331200684635 /* RMLocationViewViewModel.swift in Sources */ = {isa = PBXBuildFile; fileRef = 943973FD29E7331200684635 /* RMLocationViewViewModel.swift */; };
		9439740029E736D800684635 /* RMGetAllLocationsResponse.swift in Sources */ = {isa = PBXBuildFile; fileRef = 943973FF29E736D800684635 /* RMGetAllLocationsResponse.swift */; };
		9439740229E7384800684635 /* RMLocationTableViewCell.swift in Sources */ = {isa = PBXBuildFile; fileRef = 9439740129E7384800684635 /* RMLocationTableViewCell.swift */; };
		9439740529E738CB00684635 /* RMLocationTableViewCellViewModel.swift in Sources */ = {isa = PBXBuildFile; fileRef = 9439740429E738CB00684635 /* RMLocationTableViewCellViewModel.swift */; };
		9439740729E8373700684635 /* RMLocationDetailViewController.swift in Sources */ = {isa = PBXBuildFile; fileRef = 9439740629E8373700684635 /* RMLocationDetailViewController.swift */; };
		9439740A29E83A4900684635 /* RMLocationDetailView.swift in Sources */ = {isa = PBXBuildFile; fileRef = 9439740929E83A4900684635 /* RMLocationDetailView.swift */; };
		9439740C29E83AEF00684635 /* RMLocationDetailViewViewModel.swift in Sources */ = {isa = PBXBuildFile; fileRef = 9439740B29E83AEF00684635 /* RMLocationDetailViewViewModel.swift */; };
		94D1F06529DF3976002E3B43 /* AppDelegate.swift in Sources */ = {isa = PBXBuildFile; fileRef = 94D1F06429DF3976002E3B43 /* AppDelegate.swift */; };
		94D1F06729DF3976002E3B43 /* SceneDelegate.swift in Sources */ = {isa = PBXBuildFile; fileRef = 94D1F06629DF3976002E3B43 /* SceneDelegate.swift */; };
		94D1F06E29DF3979002E3B43 /* Assets.xcassets in Resources */ = {isa = PBXBuildFile; fileRef = 94D1F06D29DF3979002E3B43 /* Assets.xcassets */; };
		94D1F07129DF3979002E3B43 /* LaunchScreen.storyboard in Resources */ = {isa = PBXBuildFile; fileRef = 94D1F06F29DF3979002E3B43 /* LaunchScreen.storyboard */; };
		94D1F08129DF6428002E3B43 /* RMTabBarController.swift in Sources */ = {isa = PBXBuildFile; fileRef = 94D1F08029DF6428002E3B43 /* RMTabBarController.swift */; };
		94D1F08329DF6488002E3B43 /* RMCharacterViewController.swift in Sources */ = {isa = PBXBuildFile; fileRef = 94D1F08229DF6488002E3B43 /* RMCharacterViewController.swift */; };
		94D1F08529DF649A002E3B43 /* RMLocationViewController.swift in Sources */ = {isa = PBXBuildFile; fileRef = 94D1F08429DF649A002E3B43 /* RMLocationViewController.swift */; };
		94D1F08729DF64AC002E3B43 /* RMEpisodeViewController.swift in Sources */ = {isa = PBXBuildFile; fileRef = 94D1F08629DF64AC002E3B43 /* RMEpisodeViewController.swift */; };
		94D1F08929DF64B9002E3B43 /* RMSettingsViewController.swift in Sources */ = {isa = PBXBuildFile; fileRef = 94D1F08829DF64B9002E3B43 /* RMSettingsViewController.swift */; };
		94D1F08B29DF64CD002E3B43 /* RMLocation.swift in Sources */ = {isa = PBXBuildFile; fileRef = 94D1F08A29DF64CD002E3B43 /* RMLocation.swift */; };
		94D1F08D29DF64DC002E3B43 /* RMCharacter.swift in Sources */ = {isa = PBXBuildFile; fileRef = 94D1F08C29DF64DC002E3B43 /* RMCharacter.swift */; };
		94D1F08F29DF64E7002E3B43 /* RMEpisode.swift in Sources */ = {isa = PBXBuildFile; fileRef = 94D1F08E29DF64E7002E3B43 /* RMEpisode.swift */; };
		94D1F09129DF6B3A002E3B43 /* RMService.swift in Sources */ = {isa = PBXBuildFile; fileRef = 94D1F09029DF6B3A002E3B43 /* RMService.swift */; };
		94D1F09329DF6B44002E3B43 /* RMRequest.swift in Sources */ = {isa = PBXBuildFile; fileRef = 94D1F09229DF6B44002E3B43 /* RMRequest.swift */; };
		94D1F09529DF6B58002E3B43 /* RMEndpoint.swift in Sources */ = {isa = PBXBuildFile; fileRef = 94D1F09429DF6B58002E3B43 /* RMEndpoint.swift */; };
		94D1F09729DF6F4A002E3B43 /* RMOrigin.swift in Sources */ = {isa = PBXBuildFile; fileRef = 94D1F09629DF6F4A002E3B43 /* RMOrigin.swift */; };
		94D1F09929DF6FAB002E3B43 /* RMSingleLocation.swift in Sources */ = {isa = PBXBuildFile; fileRef = 94D1F09829DF6FAB002E3B43 /* RMSingleLocation.swift */; };
		94D1F09B29DF70C7002E3B43 /* RMCharacterStatus.swift in Sources */ = {isa = PBXBuildFile; fileRef = 94D1F09A29DF70C7002E3B43 /* RMCharacterStatus.swift */; };
		94D1F09D29DF7101002E3B43 /* RMCharacterGender.swift in Sources */ = {isa = PBXBuildFile; fileRef = 94D1F09C29DF7101002E3B43 /* RMCharacterGender.swift */; };
		94D1F0A129DF82EA002E3B43 /* RMGetCharactersResponse.swift in Sources */ = {isa = PBXBuildFile; fileRef = 94D1F0A029DF82EA002E3B43 /* RMGetCharactersResponse.swift */; };
/* End PBXBuildFile section */

/* Begin PBXFileReference section */
		943973B329E092B300684635 /* RMCharacterListViewViewModel.swift */ = {isa = PBXFileReference; lastKnownFileType = sourcecode.swift; path = RMCharacterListViewViewModel.swift; sourceTree = "<group>"; };
		943973B529E093E900684635 /* RMCharacterListView.swift */ = {isa = PBXFileReference; lastKnownFileType = sourcecode.swift; path = RMCharacterListView.swift; sourceTree = "<group>"; };
		943973B729E0A0B900684635 /* Extensions.swift */ = {isa = PBXFileReference; lastKnownFileType = sourcecode.swift; path = Extensions.swift; sourceTree = "<group>"; };
		943973B929E0A80800684635 /* RMCharacterCollectionViewCell.swift */ = {isa = PBXFileReference; lastKnownFileType = sourcecode.swift; path = RMCharacterCollectionViewCell.swift; sourceTree = "<group>"; };
		943973BB29E0A8DA00684635 /* RMCharacterCollectionViewCellViewModel.swift */ = {isa = PBXFileReference; lastKnownFileType = sourcecode.swift; path = RMCharacterCollectionViewCellViewModel.swift; sourceTree = "<group>"; };
		943973BE29E0BECC00684635 /* RMCharacterDetailViewController.swift */ = {isa = PBXFileReference; lastKnownFileType = sourcecode.swift; path = RMCharacterDetailViewController.swift; sourceTree = "<group>"; };
		943973C029E0BF7500684635 /* RMCharacterDetailView.swift */ = {isa = PBXFileReference; lastKnownFileType = sourcecode.swift; path = RMCharacterDetailView.swift; sourceTree = "<group>"; };
		943973C229E0BFA100684635 /* RMCharacterDetailViewViewModel.swift */ = {isa = PBXFileReference; lastKnownFileType = sourcecode.swift; path = RMCharacterDetailViewViewModel.swift; sourceTree = "<group>"; };
		943973C429E0C2B000684635 /* RMFooterLoadingCollectionReusableView.swift */ = {isa = PBXFileReference; lastKnownFileType = sourcecode.swift; path = RMFooterLoadingCollectionReusableView.swift; sourceTree = "<group>"; };
		943973C629E15C0C00684635 /* RMImageLoader.swift */ = {isa = PBXFileReference; lastKnownFileType = sourcecode.swift; path = RMImageLoader.swift; sourceTree = "<group>"; };
		943973CA29E1791700684635 /* RMCharacterPhotoCollectionViewCell.swift */ = {isa = PBXFileReference; lastKnownFileType = sourcecode.swift; path = RMCharacterPhotoCollectionViewCell.swift; sourceTree = "<group>"; };
		943973CC29E1792300684635 /* RMCharacterInfoCollectionViewCell.swift */ = {isa = PBXFileReference; lastKnownFileType = sourcecode.swift; path = RMCharacterInfoCollectionViewCell.swift; sourceTree = "<group>"; };
		943973CE29E1793700684635 /* RMCharacterEpisodeCollectionViewCell.swift */ = {isa = PBXFileReference; lastKnownFileType = sourcecode.swift; path = RMCharacterEpisodeCollectionViewCell.swift; sourceTree = "<group>"; };
		943973D129E1799D00684635 /* RMCharacterPhotoCollectionViewCellViewModel.swift */ = {isa = PBXFileReference; lastKnownFileType = sourcecode.swift; path = RMCharacterPhotoCollectionViewCellViewModel.swift; sourceTree = "<group>"; };
		943973D329E179AD00684635 /* RMCharacterInfoCollectionViewCellViewModel.swift */ = {isa = PBXFileReference; lastKnownFileType = sourcecode.swift; path = RMCharacterInfoCollectionViewCellViewModel.swift; sourceTree = "<group>"; };
		943973D529E179BC00684635 /* RMCharacterEpisodeCollectionViewCellViewModel.swift */ = {isa = PBXFileReference; lastKnownFileType = sourcecode.swift; path = RMCharacterEpisodeCollectionViewCellViewModel.swift; sourceTree = "<group>"; };
		943973D929E1BDB000684635 /* RMEpisodeDetailViewController.swift */ = {isa = PBXFileReference; lastKnownFileType = sourcecode.swift; path = RMEpisodeDetailViewController.swift; sourceTree = "<group>"; };
		943973DB29E4601700684635 /* RMAPICacheManader.swift */ = {isa = PBXFileReference; lastKnownFileType = sourcecode.swift; path = RMAPICacheManader.swift; sourceTree = "<group>"; };
		943973DD29E4645600684635 /* RMEpisodeDetailViewViewModel.swift */ = {isa = PBXFileReference; lastKnownFileType = sourcecode.swift; path = RMEpisodeDetailViewViewModel.swift; sourceTree = "<group>"; };
		943973DF29E464B900684635 /* RMEpisodeDetailView.swift */ = {isa = PBXFileReference; lastKnownFileType = sourcecode.swift; path = RMEpisodeDetailView.swift; sourceTree = "<group>"; };
		943973E229E473DC00684635 /* RMEpisodeListView.swift */ = {isa = PBXFileReference; lastKnownFileType = sourcecode.swift; path = RMEpisodeListView.swift; sourceTree = "<group>"; };
		943973E429E475DD00684635 /* RMEpisodeListViewViewModel.swift */ = {isa = PBXFileReference; lastKnownFileType = sourcecode.swift; path = RMEpisodeListViewViewModel.swift; sourceTree = "<group>"; };
		943973E629E477F000684635 /* RMGetAllEpisodesResponse.swift */ = {isa = PBXFileReference; lastKnownFileType = sourcecode.swift; path = RMGetAllEpisodesResponse.swift; sourceTree = "<group>"; };
		943973E829E49D1E00684635 /* RMSearchViewController.swift */ = {isa = PBXFileReference; lastKnownFileType = sourcecode.swift; path = RMSearchViewController.swift; sourceTree = "<group>"; };
		943973EB29E5AD0000684635 /* RMEpisodeInfoCollectionViewCell.swift */ = {isa = PBXFileReference; lastKnownFileType = sourcecode.swift; path = RMEpisodeInfoCollectionViewCell.swift; sourceTree = "<group>"; };
		943973EE29E5AD7B00684635 /* RMEpisodeInfoCollectionViewCellViewModel.swift */ = {isa = PBXFileReference; lastKnownFileType = sourcecode.swift; path = RMEpisodeInfoCollectionViewCellViewModel.swift; sourceTree = "<group>"; };
		943973F129E6EB2E00684635 /* RMSettingsViewViewModel.swift */ = {isa = PBXFileReference; lastKnownFileType = sourcecode.swift; path = RMSettingsViewViewModel.swift; sourceTree = "<group>"; };
		943973F329E6EB7100684635 /* RMSettingsCellViewModel.swift */ = {isa = PBXFileReference; lastKnownFileType = sourcecode.swift; path = RMSettingsCellViewModel.swift; sourceTree = "<group>"; };
		943973F529E6EBF900684635 /* RMSettingsOption.swift */ = {isa = PBXFileReference; lastKnownFileType = sourcecode.swift; path = RMSettingsOption.swift; sourceTree = "<group>"; };
		943973F829E6F05900684635 /* RMSettingsView.swift */ = {isa = PBXFileReference; lastKnownFileType = sourcecode.swift; path = RMSettingsView.swift; sourceTree = "<group>"; };
		943973FB29E730B000684635 /* RMLocationView.swift */ = {isa = PBXFileReference; lastKnownFileType = sourcecode.swift; path = RMLocationView.swift; sourceTree = "<group>"; };
		943973FD29E7331200684635 /* RMLocationViewViewModel.swift */ = {isa = PBXFileReference; lastKnownFileType = sourcecode.swift; path = RMLocationViewViewModel.swift; sourceTree = "<group>"; };
		943973FF29E736D800684635 /* RMGetAllLocationsResponse.swift */ = {isa = PBXFileReference; lastKnownFileType = sourcecode.swift; path = RMGetAllLocationsResponse.swift; sourceTree = "<group>"; };
		9439740129E7384800684635 /* RMLocationTableViewCell.swift */ = {isa = PBXFileReference; lastKnownFileType = sourcecode.swift; path = RMLocationTableViewCell.swift; sourceTree = "<group>"; };
		9439740429E738CB00684635 /* RMLocationTableViewCellViewModel.swift */ = {isa = PBXFileReference; lastKnownFileType = sourcecode.swift; path = RMLocationTableViewCellViewModel.swift; sourceTree = "<group>"; };
		9439740629E8373700684635 /* RMLocationDetailViewController.swift */ = {isa = PBXFileReference; lastKnownFileType = sourcecode.swift; path = RMLocationDetailViewController.swift; sourceTree = "<group>"; };
		9439740929E83A4900684635 /* RMLocationDetailView.swift */ = {isa = PBXFileReference; lastKnownFileType = sourcecode.swift; path = RMLocationDetailView.swift; sourceTree = "<group>"; };
		9439740B29E83AEF00684635 /* RMLocationDetailViewViewModel.swift */ = {isa = PBXFileReference; lastKnownFileType = sourcecode.swift; path = RMLocationDetailViewViewModel.swift; sourceTree = "<group>"; };
		94D1F06129DF3976002E3B43 /* RickAndMorty.app */ = {isa = PBXFileReference; explicitFileType = wrapper.application; includeInIndex = 0; path = RickAndMorty.app; sourceTree = BUILT_PRODUCTS_DIR; };
		94D1F06429DF3976002E3B43 /* AppDelegate.swift */ = {isa = PBXFileReference; lastKnownFileType = sourcecode.swift; path = AppDelegate.swift; sourceTree = "<group>"; };
		94D1F06629DF3976002E3B43 /* SceneDelegate.swift */ = {isa = PBXFileReference; lastKnownFileType = sourcecode.swift; path = SceneDelegate.swift; sourceTree = "<group>"; };
		94D1F06D29DF3979002E3B43 /* Assets.xcassets */ = {isa = PBXFileReference; lastKnownFileType = folder.assetcatalog; path = Assets.xcassets; sourceTree = "<group>"; };
		94D1F07029DF3979002E3B43 /* Base */ = {isa = PBXFileReference; lastKnownFileType = file.storyboard; name = Base; path = Base.lproj/LaunchScreen.storyboard; sourceTree = "<group>"; };
		94D1F07229DF3979002E3B43 /* Info.plist */ = {isa = PBXFileReference; lastKnownFileType = text.plist.xml; path = Info.plist; sourceTree = "<group>"; };
		94D1F08029DF6428002E3B43 /* RMTabBarController.swift */ = {isa = PBXFileReference; lastKnownFileType = sourcecode.swift; path = RMTabBarController.swift; sourceTree = "<group>"; };
		94D1F08229DF6488002E3B43 /* RMCharacterViewController.swift */ = {isa = PBXFileReference; lastKnownFileType = sourcecode.swift; path = RMCharacterViewController.swift; sourceTree = "<group>"; };
		94D1F08429DF649A002E3B43 /* RMLocationViewController.swift */ = {isa = PBXFileReference; lastKnownFileType = sourcecode.swift; path = RMLocationViewController.swift; sourceTree = "<group>"; };
		94D1F08629DF64AC002E3B43 /* RMEpisodeViewController.swift */ = {isa = PBXFileReference; lastKnownFileType = sourcecode.swift; path = RMEpisodeViewController.swift; sourceTree = "<group>"; };
		94D1F08829DF64B9002E3B43 /* RMSettingsViewController.swift */ = {isa = PBXFileReference; lastKnownFileType = sourcecode.swift; path = RMSettingsViewController.swift; sourceTree = "<group>"; };
		94D1F08A29DF64CD002E3B43 /* RMLocation.swift */ = {isa = PBXFileReference; lastKnownFileType = sourcecode.swift; path = RMLocation.swift; sourceTree = "<group>"; };
		94D1F08C29DF64DC002E3B43 /* RMCharacter.swift */ = {isa = PBXFileReference; lastKnownFileType = sourcecode.swift; path = RMCharacter.swift; sourceTree = "<group>"; };
		94D1F08E29DF64E7002E3B43 /* RMEpisode.swift */ = {isa = PBXFileReference; lastKnownFileType = sourcecode.swift; path = RMEpisode.swift; sourceTree = "<group>"; };
		94D1F09029DF6B3A002E3B43 /* RMService.swift */ = {isa = PBXFileReference; lastKnownFileType = sourcecode.swift; path = RMService.swift; sourceTree = "<group>"; };
		94D1F09229DF6B44002E3B43 /* RMRequest.swift */ = {isa = PBXFileReference; lastKnownFileType = sourcecode.swift; path = RMRequest.swift; sourceTree = "<group>"; };
		94D1F09429DF6B58002E3B43 /* RMEndpoint.swift */ = {isa = PBXFileReference; lastKnownFileType = sourcecode.swift; path = RMEndpoint.swift; sourceTree = "<group>"; };
		94D1F09629DF6F4A002E3B43 /* RMOrigin.swift */ = {isa = PBXFileReference; lastKnownFileType = sourcecode.swift; path = RMOrigin.swift; sourceTree = "<group>"; };
		94D1F09829DF6FAB002E3B43 /* RMSingleLocation.swift */ = {isa = PBXFileReference; lastKnownFileType = sourcecode.swift; path = RMSingleLocation.swift; sourceTree = "<group>"; };
		94D1F09A29DF70C7002E3B43 /* RMCharacterStatus.swift */ = {isa = PBXFileReference; lastKnownFileType = sourcecode.swift; path = RMCharacterStatus.swift; sourceTree = "<group>"; };
		94D1F09C29DF7101002E3B43 /* RMCharacterGender.swift */ = {isa = PBXFileReference; lastKnownFileType = sourcecode.swift; path = RMCharacterGender.swift; sourceTree = "<group>"; };
		94D1F0A029DF82EA002E3B43 /* RMGetCharactersResponse.swift */ = {isa = PBXFileReference; lastKnownFileType = sourcecode.swift; path = RMGetCharactersResponse.swift; sourceTree = "<group>"; };
/* End PBXFileReference section */

/* Begin PBXFrameworksBuildPhase section */
		94D1F05E29DF3976002E3B43 /* Frameworks */ = {
			isa = PBXFrameworksBuildPhase;
			buildActionMask = 2147483647;
			files = (
			);
			runOnlyForDeploymentPostprocessing = 0;
		};
/* End PBXFrameworksBuildPhase section */

/* Begin PBXGroup section */
		943973BD29E0BEA600684635 /* Other */ = {
			isa = PBXGroup;
			children = (
				943973BE29E0BECC00684635 /* RMCharacterDetailViewController.swift */,
				9439740629E8373700684635 /* RMLocationDetailViewController.swift */,
				943973D929E1BDB000684635 /* RMEpisodeDetailViewController.swift */,
				943973E829E49D1E00684635 /* RMSearchViewController.swift */,
			);
			path = Other;
			sourceTree = "<group>";
		};
		943973C829E178A500684635 /* CharacterDetails */ = {
			isa = PBXGroup;
			children = (
				943973C029E0BF7500684635 /* RMCharacterDetailView.swift */,
				943973CA29E1791700684635 /* RMCharacterPhotoCollectionViewCell.swift */,
				943973CC29E1792300684635 /* RMCharacterInfoCollectionViewCell.swift */,
				943973CE29E1793700684635 /* RMCharacterEpisodeCollectionViewCell.swift */,
			);
			path = CharacterDetails;
			sourceTree = "<group>";
		};
		943973C929E178C800684635 /* Character */ = {
			isa = PBXGroup;
			children = (
				943973B529E093E900684635 /* RMCharacterListView.swift */,
				943973B929E0A80800684635 /* RMCharacterCollectionViewCell.swift */,
			);
			path = Character;
			sourceTree = "<group>";
		};
		943973D029E1795200684635 /* CharacterDetail */ = {
			isa = PBXGroup;
			children = (
				943973C229E0BFA100684635 /* RMCharacterDetailViewViewModel.swift */,
				943973D129E1799D00684635 /* RMCharacterPhotoCollectionViewCellViewModel.swift */,
				943973D329E179AD00684635 /* RMCharacterInfoCollectionViewCellViewModel.swift */,
				943973D529E179BC00684635 /* RMCharacterEpisodeCollectionViewCellViewModel.swift */,
			);
			path = CharacterDetail;
			sourceTree = "<group>";
		};
		943973E129E473C300684635 /* Episode */ = {
			isa = PBXGroup;
			children = (
				943973E229E473DC00684635 /* RMEpisodeListView.swift */,
			);
			path = Episode;
			sourceTree = "<group>";
		};
		943973EA29E5ACE100684635 /* EpisodeDetails */ = {
			isa = PBXGroup;
			children = (
				943973DF29E464B900684635 /* RMEpisodeDetailView.swift */,
				943973EB29E5AD0000684635 /* RMEpisodeInfoCollectionViewCell.swift */,
			);
			path = EpisodeDetails;
			sourceTree = "<group>";
		};
		943973ED29E5AD5B00684635 /* EpisodeDetail */ = {
			isa = PBXGroup;
			children = (
				943973DD29E4645600684635 /* RMEpisodeDetailViewViewModel.swift */,
				943973EE29E5AD7B00684635 /* RMEpisodeInfoCollectionViewCellViewModel.swift */,
			);
			path = EpisodeDetail;
			sourceTree = "<group>";
		};
		943973F029E6EB0100684635 /* Settings */ = {
			isa = PBXGroup;
			children = (
				943973F129E6EB2E00684635 /* RMSettingsViewViewModel.swift */,
				943973F329E6EB7100684635 /* RMSettingsCellViewModel.swift */,
				943973F529E6EBF900684635 /* RMSettingsOption.swift */,
			);
			path = Settings;
			sourceTree = "<group>";
		};
		943973F729E6F03500684635 /* SwiftUI */ = {
			isa = PBXGroup;
			children = (
				943973F829E6F05900684635 /* RMSettingsView.swift */,
			);
			path = SwiftUI;
			sourceTree = "<group>";
		};
		943973FA29E7309300684635 /* Location */ = {
			isa = PBXGroup;
			children = (
				943973FB29E730B000684635 /* RMLocationView.swift */,
				9439740129E7384800684635 /* RMLocationTableViewCell.swift */,
			);
			path = Location;
			sourceTree = "<group>";
		};
		9439740329E738BD00684635 /* Locations */ = {
			isa = PBXGroup;
			children = (
				943973FD29E7331200684635 /* RMLocationViewViewModel.swift */,
				9439740429E738CB00684635 /* RMLocationTableViewCellViewModel.swift */,
				9439740B29E83AEF00684635 /* RMLocationDetailViewViewModel.swift */,
			);
			path = Locations;
			sourceTree = "<group>";
		};
		9439740829E83A2100684635 /* Location Details */ = {
			isa = PBXGroup;
			children = (
				9439740929E83A4900684635 /* RMLocationDetailView.swift */,
			);
			path = "Location Details";
			sourceTree = "<group>";
		};
		94D1F05829DF3976002E3B43 = {
			isa = PBXGroup;
			children = (
				94D1F06329DF3976002E3B43 /* RickAndMorty */,
				94D1F06229DF3976002E3B43 /* Products */,
			);
			sourceTree = "<group>";
		};
		94D1F06229DF3976002E3B43 /* Products */ = {
			isa = PBXGroup;
			children = (
				94D1F06129DF3976002E3B43 /* RickAndMorty.app */,
			);
			name = Products;
			sourceTree = "<group>";
		};
		94D1F06329DF3976002E3B43 /* RickAndMorty */ = {
			isa = PBXGroup;
			children = (
				94D1F07829DF6376002E3B43 /* Resources */,
				94D1F07929DF6382002E3B43 /* Managers */,
				94D1F07A29DF638F002E3B43 /* APIClient */,
				94D1F07B29DF6399002E3B43 /* ViewModels */,
				94D1F07C29DF63A4002E3B43 /* Views */,
				94D1F07F29DF63D5002E3B43 /* Models */,
				94D1F07D29DF63AC002E3B43 /* Controllers */,
				94D1F07229DF3979002E3B43 /* Info.plist */,
			);
			path = RickAndMorty;
			sourceTree = "<group>";
		};
		94D1F07829DF6376002E3B43 /* Resources */ = {
			isa = PBXGroup;
			children = (
				94D1F06D29DF3979002E3B43 /* Assets.xcassets */,
				94D1F06F29DF3979002E3B43 /* LaunchScreen.storyboard */,
				94D1F06429DF3976002E3B43 /* AppDelegate.swift */,
				94D1F06629DF3976002E3B43 /* SceneDelegate.swift */,
				943973B729E0A0B900684635 /* Extensions.swift */,
			);
			path = Resources;
			sourceTree = "<group>";
		};
		94D1F07929DF6382002E3B43 /* Managers */ = {
			isa = PBXGroup;
			children = (
				943973C629E15C0C00684635 /* RMImageLoader.swift */,
				943973DB29E4601700684635 /* RMAPICacheManader.swift */,
			);
			path = Managers;
			sourceTree = "<group>";
		};
		94D1F07A29DF638F002E3B43 /* APIClient */ = {
			isa = PBXGroup;
			children = (
				94D1F09029DF6B3A002E3B43 /* RMService.swift */,
				94D1F09229DF6B44002E3B43 /* RMRequest.swift */,
				94D1F09429DF6B58002E3B43 /* RMEndpoint.swift */,
			);
			path = APIClient;
			sourceTree = "<group>";
		};
		94D1F07B29DF6399002E3B43 /* ViewModels */ = {
			isa = PBXGroup;
			children = (
				9439740329E738BD00684635 /* Locations */,
				943973F029E6EB0100684635 /* Settings */,
				943973ED29E5AD5B00684635 /* EpisodeDetail */,
				943973D029E1795200684635 /* CharacterDetail */,
				943973B329E092B300684635 /* RMCharacterListViewViewModel.swift */,
				943973BB29E0A8DA00684635 /* RMCharacterCollectionViewCellViewModel.swift */,
				943973E429E475DD00684635 /* RMEpisodeListViewViewModel.swift */,
			);
			path = ViewModels;
			sourceTree = "<group>";
		};
		94D1F07C29DF63A4002E3B43 /* Views */ = {
			isa = PBXGroup;
			children = (
				9439740829E83A2100684635 /* Location Details */,
				943973FA29E7309300684635 /* Location */,
				943973F729E6F03500684635 /* SwiftUI */,
				943973EA29E5ACE100684635 /* EpisodeDetails */,
				943973E129E473C300684635 /* Episode */,
				943973C829E178A500684635 /* CharacterDetails */,
				943973C929E178C800684635 /* Character */,
				943973C429E0C2B000684635 /* RMFooterLoadingCollectionReusableView.swift */,
			);
			path = Views;
			sourceTree = "<group>";
		};
		94D1F07D29DF63AC002E3B43 /* Controllers */ = {
			isa = PBXGroup;
			children = (
				943973BD29E0BEA600684635 /* Other */,
				94D1F07E29DF63B7002E3B43 /* Core */,
			);
			path = Controllers;
			sourceTree = "<group>";
		};
		94D1F07E29DF63B7002E3B43 /* Core */ = {
			isa = PBXGroup;
			children = (
				94D1F08029DF6428002E3B43 /* RMTabBarController.swift */,
				94D1F08229DF6488002E3B43 /* RMCharacterViewController.swift */,
				94D1F08429DF649A002E3B43 /* RMLocationViewController.swift */,
				94D1F08629DF64AC002E3B43 /* RMEpisodeViewController.swift */,
				94D1F08829DF64B9002E3B43 /* RMSettingsViewController.swift */,
			);
			path = Core;
			sourceTree = "<group>";
		};
		94D1F07F29DF63D5002E3B43 /* Models */ = {
			isa = PBXGroup;
			children = (
				94D1F09F29DF82BC002E3B43 /* APIResponseTypes */,
				94D1F09E29DF82A4002E3B43 /* DataTypes */,
			);
			path = Models;
			sourceTree = "<group>";
		};
		94D1F09E29DF82A4002E3B43 /* DataTypes */ = {
			isa = PBXGroup;
			children = (
				94D1F08A29DF64CD002E3B43 /* RMLocation.swift */,
				94D1F08C29DF64DC002E3B43 /* RMCharacter.swift */,
				94D1F08E29DF64E7002E3B43 /* RMEpisode.swift */,
				94D1F09629DF6F4A002E3B43 /* RMOrigin.swift */,
				94D1F09829DF6FAB002E3B43 /* RMSingleLocation.swift */,
				94D1F09A29DF70C7002E3B43 /* RMCharacterStatus.swift */,
				94D1F09C29DF7101002E3B43 /* RMCharacterGender.swift */,
			);
			path = DataTypes;
			sourceTree = "<group>";
		};
		94D1F09F29DF82BC002E3B43 /* APIResponseTypes */ = {
			isa = PBXGroup;
			children = (
				94D1F0A029DF82EA002E3B43 /* RMGetCharactersResponse.swift */,
				943973E629E477F000684635 /* RMGetAllEpisodesResponse.swift */,
				943973FF29E736D800684635 /* RMGetAllLocationsResponse.swift */,
			);
			path = APIResponseTypes;
			sourceTree = "<group>";
		};
/* End PBXGroup section */

/* Begin PBXNativeTarget section */
		94D1F06029DF3976002E3B43 /* RickAndMorty */ = {
			isa = PBXNativeTarget;
			buildConfigurationList = 94D1F07529DF3979002E3B43 /* Build configuration list for PBXNativeTarget "RickAndMorty" */;
			buildPhases = (
				94D1F05D29DF3976002E3B43 /* Sources */,
				94D1F05E29DF3976002E3B43 /* Frameworks */,
				94D1F05F29DF3976002E3B43 /* Resources */,
			);
			buildRules = (
			);
			dependencies = (
			);
			name = RickAndMorty;
			productName = RickAndMorty;
			productReference = 94D1F06129DF3976002E3B43 /* RickAndMorty.app */;
			productType = "com.apple.product-type.application";
		};
/* End PBXNativeTarget section */

/* Begin PBXProject section */
		94D1F05929DF3976002E3B43 /* Project object */ = {
			isa = PBXProject;
			attributes = {
				BuildIndependentTargetsInParallel = 1;
				LastSwiftUpdateCheck = 1430;
				LastUpgradeCheck = 1430;
				TargetAttributes = {
					94D1F06029DF3976002E3B43 = {
						CreatedOnToolsVersion = 14.3;
					};
				};
			};
			buildConfigurationList = 94D1F05C29DF3976002E3B43 /* Build configuration list for PBXProject "RickAndMorty" */;
			compatibilityVersion = "Xcode 14.0";
			developmentRegion = en;
			hasScannedForEncodings = 0;
			knownRegions = (
				en,
				Base,
			);
			mainGroup = 94D1F05829DF3976002E3B43;
			productRefGroup = 94D1F06229DF3976002E3B43 /* Products */;
			projectDirPath = "";
			projectRoot = "";
			targets = (
				94D1F06029DF3976002E3B43 /* RickAndMorty */,
			);
		};
/* End PBXProject section */

/* Begin PBXResourcesBuildPhase section */
		94D1F05F29DF3976002E3B43 /* Resources */ = {
			isa = PBXResourcesBuildPhase;
			buildActionMask = 2147483647;
			files = (
				94D1F07129DF3979002E3B43 /* LaunchScreen.storyboard in Resources */,
				94D1F06E29DF3979002E3B43 /* Assets.xcassets in Resources */,
			);
			runOnlyForDeploymentPostprocessing = 0;
		};
/* End PBXResourcesBuildPhase section */

/* Begin PBXSourcesBuildPhase section */
		94D1F05D29DF3976002E3B43 /* Sources */ = {
			isa = PBXSourcesBuildPhase;
			buildActionMask = 2147483647;
			files = (
				94D1F0A129DF82EA002E3B43 /* RMGetCharactersResponse.swift in Sources */,
				943973C329E0BFA100684635 /* RMCharacterDetailViewViewModel.swift in Sources */,
				94D1F09729DF6F4A002E3B43 /* RMOrigin.swift in Sources */,
				943973E929E49D1E00684635 /* RMSearchViewController.swift in Sources */,
				94D1F09929DF6FAB002E3B43 /* RMSingleLocation.swift in Sources */,
				94D1F09B29DF70C7002E3B43 /* RMCharacterStatus.swift in Sources */,
				94D1F09D29DF7101002E3B43 /* RMCharacterGender.swift in Sources */,
				94D1F08129DF6428002E3B43 /* RMTabBarController.swift in Sources */,
				9439740C29E83AEF00684635 /* RMLocationDetailViewViewModel.swift in Sources */,
				943973DC29E4601700684635 /* RMAPICacheManader.swift in Sources */,
				943973BF29E0BECC00684635 /* RMCharacterDetailViewController.swift in Sources */,
				943973E329E473DC00684635 /* RMEpisodeListView.swift in Sources */,
				943973C529E0C2B000684635 /* RMFooterLoadingCollectionReusableView.swift in Sources */,
				94D1F08529DF649A002E3B43 /* RMLocationViewController.swift in Sources */,
				9439740029E736D800684635 /* RMGetAllLocationsResponse.swift in Sources */,
				943973B629E093E900684635 /* RMCharacterListView.swift in Sources */,
				9439740229E7384800684635 /* RMLocationTableViewCell.swift in Sources */,
				943973F229E6EB2E00684635 /* RMSettingsViewViewModel.swift in Sources */,
				943973CD29E1792300684635 /* RMCharacterInfoCollectionViewCell.swift in Sources */,
				94D1F08F29DF64E7002E3B43 /* RMEpisode.swift in Sources */,
				943973BA29E0A80800684635 /* RMCharacterCollectionViewCell.swift in Sources */,
				943973F629E6EBF900684635 /* RMSettingsOption.swift in Sources */,
				943973D429E179AD00684635 /* RMCharacterInfoCollectionViewCellViewModel.swift in Sources */,
				94D1F08329DF6488002E3B43 /* RMCharacterViewController.swift in Sources */,
				9439740729E8373700684635 /* RMLocationDetailViewController.swift in Sources */,
				943973C729E15C0C00684635 /* RMImageLoader.swift in Sources */,
				94D1F08B29DF64CD002E3B43 /* RMLocation.swift in Sources */,
				94D1F08729DF64AC002E3B43 /* RMEpisodeViewController.swift in Sources */,
				943973CB29E1791700684635 /* RMCharacterPhotoCollectionViewCell.swift in Sources */,
				943973F429E6EB7100684635 /* RMSettingsCellViewModel.swift in Sources */,
				943973F929E6F05900684635 /* RMSettingsView.swift in Sources */,
				943973D629E179BC00684635 /* RMCharacterEpisodeCollectionViewCellViewModel.swift in Sources */,
				94D1F06529DF3976002E3B43 /* AppDelegate.swift in Sources */,
				943973B829E0A0B900684635 /* Extensions.swift in Sources */,
				943973D229E1799D00684635 /* RMCharacterPhotoCollectionViewCellViewModel.swift in Sources */,
				94D1F09129DF6B3A002E3B43 /* RMService.swift in Sources */,
				94D1F08D29DF64DC002E3B43 /* RMCharacter.swift in Sources */,
				94D1F09529DF6B58002E3B43 /* RMEndpoint.swift in Sources */,
				943973E029E464B900684635 /* RMEpisodeDetailView.swift in Sources */,
				9439740A29E83A4900684635 /* RMLocationDetailView.swift in Sources */,
				9439740529E738CB00684635 /* RMLocationTableViewCellViewModel.swift in Sources */,
				943973DA29E1BDB000684635 /* RMEpisodeDetailViewController.swift in Sources */,
				94D1F08929DF64B9002E3B43 /* RMSettingsViewController.swift in Sources */,
				943973BC29E0A8DA00684635 /* RMCharacterCollectionViewCellViewModel.swift in Sources */,
				94D1F09329DF6B44002E3B43 /* RMRequest.swift in Sources */,
				943973B429E092B300684635 /* RMCharacterListViewViewModel.swift in Sources */,
				943973CF29E1793700684635 /* RMCharacterEpisodeCollectionViewCell.swift in Sources */,
				943973FC29E730B000684635 /* RMLocationView.swift in Sources */,
				943973EC29E5AD0000684635 /* RMEpisodeInfoCollectionViewCell.swift in Sources */,
				943973E529E475DD00684635 /* RMEpisodeListViewViewModel.swift in Sources */,
				94D1F06729DF3976002E3B43 /* SceneDelegate.swift in Sources */,
				943973EF29E5AD7B00684635 /* RMEpisodeInfoCollectionViewCellViewModel.swift in Sources */,
				943973E729E477F000684635 /* RMGetAllEpisodesResponse.swift in Sources */,
				943973DE29E4645600684635 /* RMEpisodeDetailViewViewModel.swift in Sources */,
				943973C129E0BF7500684635 /* RMCharacterDetailView.swift in Sources */,
				943973FE29E7331200684635 /* RMLocationViewViewModel.swift in Sources */,
			);
			runOnlyForDeploymentPostprocessing = 0;
		};
/* End PBXSourcesBuildPhase section */

/* Begin PBXVariantGroup section */
		94D1F06F29DF3979002E3B43 /* LaunchScreen.storyboard */ = {
			isa = PBXVariantGroup;
			children = (
				94D1F07029DF3979002E3B43 /* Base */,
			);
			name = LaunchScreen.storyboard;
			sourceTree = "<group>";
		};
/* End PBXVariantGroup section */

/* Begin XCBuildConfiguration section */
		94D1F07329DF3979002E3B43 /* Debug */ = {
			isa = XCBuildConfiguration;
			buildSettings = {
				ALWAYS_SEARCH_USER_PATHS = NO;
				CLANG_ANALYZER_NONNULL = YES;
				CLANG_ANALYZER_NUMBER_OBJECT_CONVERSION = YES_AGGRESSIVE;
				CLANG_CXX_LANGUAGE_STANDARD = "gnu++20";
				CLANG_ENABLE_MODULES = YES;
				CLANG_ENABLE_OBJC_ARC = YES;
				CLANG_ENABLE_OBJC_WEAK = YES;
				CLANG_WARN_BLOCK_CAPTURE_AUTORELEASING = YES;
				CLANG_WARN_BOOL_CONVERSION = YES;
				CLANG_WARN_COMMA = YES;
				CLANG_WARN_CONSTANT_CONVERSION = YES;
				CLANG_WARN_DEPRECATED_OBJC_IMPLEMENTATIONS = YES;
				CLANG_WARN_DIRECT_OBJC_ISA_USAGE = YES_ERROR;
				CLANG_WARN_DOCUMENTATION_COMMENTS = YES;
				CLANG_WARN_EMPTY_BODY = YES;
				CLANG_WARN_ENUM_CONVERSION = YES;
				CLANG_WARN_INFINITE_RECURSION = YES;
				CLANG_WARN_INT_CONVERSION = YES;
				CLANG_WARN_NON_LITERAL_NULL_CONVERSION = YES;
				CLANG_WARN_OBJC_IMPLICIT_RETAIN_SELF = YES;
				CLANG_WARN_OBJC_LITERAL_CONVERSION = YES;
				CLANG_WARN_OBJC_ROOT_CLASS = YES_ERROR;
				CLANG_WARN_QUOTED_INCLUDE_IN_FRAMEWORK_HEADER = YES;
				CLANG_WARN_RANGE_LOOP_ANALYSIS = YES;
				CLANG_WARN_STRICT_PROTOTYPES = YES;
				CLANG_WARN_SUSPICIOUS_MOVE = YES;
				CLANG_WARN_UNGUARDED_AVAILABILITY = YES_AGGRESSIVE;
				CLANG_WARN_UNREACHABLE_CODE = YES;
				CLANG_WARN__DUPLICATE_METHOD_MATCH = YES;
				COPY_PHASE_STRIP = NO;
				DEBUG_INFORMATION_FORMAT = dwarf;
				ENABLE_STRICT_OBJC_MSGSEND = YES;
				ENABLE_TESTABILITY = YES;
				GCC_C_LANGUAGE_STANDARD = gnu11;
				GCC_DYNAMIC_NO_PIC = NO;
				GCC_NO_COMMON_BLOCKS = YES;
				GCC_OPTIMIZATION_LEVEL = 0;
				GCC_PREPROCESSOR_DEFINITIONS = (
					"DEBUG=1",
					"$(inherited)",
				);
				GCC_WARN_64_TO_32_BIT_CONVERSION = YES;
				GCC_WARN_ABOUT_RETURN_TYPE = YES_ERROR;
				GCC_WARN_UNDECLARED_SELECTOR = YES;
				GCC_WARN_UNINITIALIZED_AUTOS = YES_AGGRESSIVE;
				GCC_WARN_UNUSED_FUNCTION = YES;
				GCC_WARN_UNUSED_VARIABLE = YES;
				IPHONEOS_DEPLOYMENT_TARGET = 16.0;
				MTL_ENABLE_DEBUG_INFO = INCLUDE_SOURCE;
				MTL_FAST_MATH = YES;
				ONLY_ACTIVE_ARCH = YES;
				SDKROOT = iphoneos;
				SWIFT_ACTIVE_COMPILATION_CONDITIONS = DEBUG;
				SWIFT_OPTIMIZATION_LEVEL = "-Onone";
			};
			name = Debug;
		};
		94D1F07429DF3979002E3B43 /* Release */ = {
			isa = XCBuildConfiguration;
			buildSettings = {
				ALWAYS_SEARCH_USER_PATHS = NO;
				CLANG_ANALYZER_NONNULL = YES;
				CLANG_ANALYZER_NUMBER_OBJECT_CONVERSION = YES_AGGRESSIVE;
				CLANG_CXX_LANGUAGE_STANDARD = "gnu++20";
				CLANG_ENABLE_MODULES = YES;
				CLANG_ENABLE_OBJC_ARC = YES;
				CLANG_ENABLE_OBJC_WEAK = YES;
				CLANG_WARN_BLOCK_CAPTURE_AUTORELEASING = YES;
				CLANG_WARN_BOOL_CONVERSION = YES;
				CLANG_WARN_COMMA = YES;
				CLANG_WARN_CONSTANT_CONVERSION = YES;
				CLANG_WARN_DEPRECATED_OBJC_IMPLEMENTATIONS = YES;
				CLANG_WARN_DIRECT_OBJC_ISA_USAGE = YES_ERROR;
				CLANG_WARN_DOCUMENTATION_COMMENTS = YES;
				CLANG_WARN_EMPTY_BODY = YES;
				CLANG_WARN_ENUM_CONVERSION = YES;
				CLANG_WARN_INFINITE_RECURSION = YES;
				CLANG_WARN_INT_CONVERSION = YES;
				CLANG_WARN_NON_LITERAL_NULL_CONVERSION = YES;
				CLANG_WARN_OBJC_IMPLICIT_RETAIN_SELF = YES;
				CLANG_WARN_OBJC_LITERAL_CONVERSION = YES;
				CLANG_WARN_OBJC_ROOT_CLASS = YES_ERROR;
				CLANG_WARN_QUOTED_INCLUDE_IN_FRAMEWORK_HEADER = YES;
				CLANG_WARN_RANGE_LOOP_ANALYSIS = YES;
				CLANG_WARN_STRICT_PROTOTYPES = YES;
				CLANG_WARN_SUSPICIOUS_MOVE = YES;
				CLANG_WARN_UNGUARDED_AVAILABILITY = YES_AGGRESSIVE;
				CLANG_WARN_UNREACHABLE_CODE = YES;
				CLANG_WARN__DUPLICATE_METHOD_MATCH = YES;
				COPY_PHASE_STRIP = NO;
				DEBUG_INFORMATION_FORMAT = "dwarf-with-dsym";
				ENABLE_NS_ASSERTIONS = NO;
				ENABLE_STRICT_OBJC_MSGSEND = YES;
				GCC_C_LANGUAGE_STANDARD = gnu11;
				GCC_NO_COMMON_BLOCKS = YES;
				GCC_WARN_64_TO_32_BIT_CONVERSION = YES;
				GCC_WARN_ABOUT_RETURN_TYPE = YES_ERROR;
				GCC_WARN_UNDECLARED_SELECTOR = YES;
				GCC_WARN_UNINITIALIZED_AUTOS = YES_AGGRESSIVE;
				GCC_WARN_UNUSED_FUNCTION = YES;
				GCC_WARN_UNUSED_VARIABLE = YES;
				IPHONEOS_DEPLOYMENT_TARGET = 16.0;
				MTL_ENABLE_DEBUG_INFO = NO;
				MTL_FAST_MATH = YES;
				SDKROOT = iphoneos;
				SWIFT_COMPILATION_MODE = wholemodule;
				SWIFT_OPTIMIZATION_LEVEL = "-O";
				VALIDATE_PRODUCT = YES;
			};
			name = Release;
		};
		94D1F07629DF3979002E3B43 /* Debug */ = {
			isa = XCBuildConfiguration;
			buildSettings = {
				ASSETCATALOG_COMPILER_APPICON_NAME = AppIcon;
				ASSETCATALOG_COMPILER_GLOBAL_ACCENT_COLOR_NAME = AccentColor;
				CODE_SIGN_STYLE = Automatic;
				CURRENT_PROJECT_VERSION = 1;
				DEVELOPMENT_TEAM = 5SQ9882RGS;
				GENERATE_INFOPLIST_FILE = YES;
				INFOPLIST_FILE = RickAndMorty/Info.plist;
				INFOPLIST_KEY_CFBundleDisplayName = "Rick & Morty";
				INFOPLIST_KEY_LSApplicationCategoryType = "public.app-category.education";
				INFOPLIST_KEY_UIApplicationSupportsIndirectInputEvents = YES;
				INFOPLIST_KEY_UILaunchStoryboardName = LaunchScreen;
				INFOPLIST_KEY_UISupportedInterfaceOrientations_iPad = "UIInterfaceOrientationPortrait UIInterfaceOrientationPortraitUpsideDown UIInterfaceOrientationLandscapeLeft UIInterfaceOrientationLandscapeRight";
				INFOPLIST_KEY_UISupportedInterfaceOrientations_iPhone = "UIInterfaceOrientationPortrait UIInterfaceOrientationLandscapeLeft UIInterfaceOrientationLandscapeRight";
				LD_RUNPATH_SEARCH_PATHS = (
					"$(inherited)",
					"@executable_path/Frameworks",
				);
				MARKETING_VERSION = 1.0;
				PRODUCT_BUNDLE_IDENTIFIER = edu.self.RickAndMorty;
				PRODUCT_NAME = "$(TARGET_NAME)";
				SWIFT_EMIT_LOC_STRINGS = YES;
				SWIFT_VERSION = 5.0;
				TARGETED_DEVICE_FAMILY = "1,2";
			};
			name = Debug;
		};
		94D1F07729DF3979002E3B43 /* Release */ = {
			isa = XCBuildConfiguration;
			buildSettings = {
				ASSETCATALOG_COMPILER_APPICON_NAME = AppIcon;
				ASSETCATALOG_COMPILER_GLOBAL_ACCENT_COLOR_NAME = AccentColor;
				CODE_SIGN_STYLE = Automatic;
				CURRENT_PROJECT_VERSION = 1;
				DEVELOPMENT_TEAM = 5SQ9882RGS;
				GENERATE_INFOPLIST_FILE = YES;
				INFOPLIST_FILE = RickAndMorty/Info.plist;
				INFOPLIST_KEY_CFBundleDisplayName = "Rick & Morty";
				INFOPLIST_KEY_LSApplicationCategoryType = "public.app-category.education";
				INFOPLIST_KEY_UIApplicationSupportsIndirectInputEvents = YES;
				INFOPLIST_KEY_UILaunchStoryboardName = LaunchScreen;
				INFOPLIST_KEY_UISupportedInterfaceOrientations_iPad = "UIInterfaceOrientationPortrait UIInterfaceOrientationPortraitUpsideDown UIInterfaceOrientationLandscapeLeft UIInterfaceOrientationLandscapeRight";
				INFOPLIST_KEY_UISupportedInterfaceOrientations_iPhone = "UIInterfaceOrientationPortrait UIInterfaceOrientationLandscapeLeft UIInterfaceOrientationLandscapeRight";
				LD_RUNPATH_SEARCH_PATHS = (
					"$(inherited)",
					"@executable_path/Frameworks",
				);
				MARKETING_VERSION = 1.0;
				PRODUCT_BUNDLE_IDENTIFIER = edu.self.RickAndMorty;
				PRODUCT_NAME = "$(TARGET_NAME)";
				SWIFT_EMIT_LOC_STRINGS = YES;
				SWIFT_VERSION = 5.0;
				TARGETED_DEVICE_FAMILY = "1,2";
			};
			name = Release;
		};
/* End XCBuildConfiguration section */

/* Begin XCConfigurationList section */
		94D1F05C29DF3976002E3B43 /* Build configuration list for PBXProject "RickAndMorty" */ = {
			isa = XCConfigurationList;
			buildConfigurations = (
				94D1F07329DF3979002E3B43 /* Debug */,
				94D1F07429DF3979002E3B43 /* Release */,
			);
			defaultConfigurationIsVisible = 0;
			defaultConfigurationName = Release;
		};
		94D1F07529DF3979002E3B43 /* Build configuration list for PBXNativeTarget "RickAndMorty" */ = {
			isa = XCConfigurationList;
			buildConfigurations = (
				94D1F07629DF3979002E3B43 /* Debug */,
				94D1F07729DF3979002E3B43 /* Release */,
			);
			defaultConfigurationIsVisible = 0;
			defaultConfigurationName = Release;
		};
/* End XCConfigurationList section */
	};
	rootObject = 94D1F05929DF3976002E3B43 /* Project object */;
}
